
Microsoft Visual Studio Solution File, Format Version 10.00
# Visual Studio 2008
Project("{8BC9CEB8-8B4A-11D0-8D11-00A0C91BC942}") = "AutoStockTransaction", "AutoStockTransaction\AutoStockTransaction.vcproj", "{CBC0FE30-A4FB-44BA-A23B-3E4825F82A4C}"
EndProject
Global
	GlobalSection(SolutionConfigurationPlatforms) = preSolution
		Debug|Win32 = Debug|Win32
		Release|Win32 = Release|Win32
	EndGlobalSection
	GlobalSection(ProjectConfigurationPlatforms) = postSolution
		{CBC0FE30-A4FB-44BA-A23B-3E4825F82A4C}.Debug|Win32.ActiveCfg = Debug|Win32
		{CBC0FE30-A4FB-44BA-A23B-3E4825F82A4C}.Debug|Win32.Build.0 = Debug|Win32
		{CBC0FE30-A4FB-44BA-A23B-3E4825F82A4C}.Release|Win32.ActiveCfg = Release|Win32
		{CBC0FE30-A4FB-44BA-A23B-3E4825F82A4C}.Release|Win32.Build.0 = Release|Win32
	EndGlobalSection
	GlobalSection(SolutionProperties) = preSolution
		HideSolutionNode = FALSE
	EndGlobalSection
EndGlobal
